
Microsoft Visual Studio Solution File, Format Version 12.00
# Visual Studio 15
VisualStudioVersion = 15.0.27617.1
MinimumVisualStudioVersion = 10.0.40219.1
Project("{FAE04EC0-301F-11D3-BF4B-00C04F79EFBC}") = "Bakery", "Bakery\Bakery.csproj", "{1A64B351-9C5B-4480-91DE-90CC1EC55F79}"
EndProject
Global
	GlobalSection(SolutionConfigurationPlatforms) = preSolution
		Debug|Any CPU = Debug|Any CPU
		Release|Any CPU = Release|Any CPU
	EndGlobalSection
	GlobalSection(ProjectConfigurationPlatforms) = postSolution
		{1A64B351-9C5B-4480-91DE-90CC1EC55F79}.Debug|Any CPU.ActiveCfg = Debug|Any CPU
		{1A64B351-9C5B-4480-91DE-90CC1EC55F79}.Debug|Any CPU.Build.0 = Debug|Any CPU
		{1A64B351-9C5B-4480-91DE-90CC1EC55F79}.Release|Any CPU.ActiveCfg = Release|Any CPU
		{1A64B351-9C5B-4480-91DE-90CC1EC55F79}.Release|Any CPU.Build.0 = Release|Any CPU
	EndGlobalSection
	GlobalSection(SolutionProperties) = preSolution
		HideSolutionNode = FALSE
	EndGlobalSection
	GlobalSection(ExtensibilityGlobals) = postSolution
		SolutionGuid = {97697561-3830-47E2-9C7B-6C55BEF073DA}
	EndGlobalSection
EndGlobal
